
Microsoft Visual Studio Solution File, Format Version 12.00
# Visual Studio Version 17
VisualStudioVersion = 17.9.34728.123
MinimumVisualStudioVersion = 10.0.40219.1
Project("{FAE04EC0-301F-11D3-BF4B-00C04F79EFBC}") = "EmployeesLog.API", "EmployeesLog.API\EmployeesLog.API.csproj", "{8124F093-7B72-460E-9F95-AA5339C5BECB}"
EndProject
Global
	GlobalSection(SolutionConfigurationPlatforms) = preSolution
		Debug|Any CPU = Debug|Any CPU
		Release|Any CPU = Release|Any CPU
	EndGlobalSection
	GlobalSection(ProjectConfigurationPlatforms) = postSolution
		{8124F093-7B72-460E-9F95-AA5339C5BECB}.Debug|Any CPU.ActiveCfg = Debug|Any CPU
		{8124F093-7B72-460E-9F95-AA5339C5BECB}.Debug|Any CPU.Build.0 = Debug|Any CPU
		{8124F093-7B72-460E-9F95-AA5339C5BECB}.Release|Any CPU.ActiveCfg = Release|Any CPU
		{8124F093-7B72-460E-9F95-AA5339C5BECB}.Release|Any CPU.Build.0 = Release|Any CPU
	EndGlobalSection
	GlobalSection(SolutionProperties) = preSolution
		HideSolutionNode = FALSE
	EndGlobalSection
	GlobalSection(ExtensibilityGlobals) = postSolution
		SolutionGuid = {6A996239-A278-466A-A74F-260A2F4C265B}
	EndGlobalSection
EndGlobal
